// !$*UTF8*$!
{
	archiveVersion = 1;
	classes = {
	};
	objectVersion = 56;
	objects = {

/* Begin PBXBuildFile section */
		042AD7E0292F45D400C599D3 /* ImageBootcamp.swift in Sources */ = {isa = PBXBuildFile; fileRef = 042AD7DF292F45D400C599D3 /* ImageBootcamp.swift */; };
		042AD7E2292F4CBD00C599D3 /* StackBootcamp.swift in Sources */ = {isa = PBXBuildFile; fileRef = 042AD7E1292F4CBD00C599D3 /* StackBootcamp.swift */; };
		042AD7E4292F51CB00C599D3 /* PaddingAndSpacerBootcamp.swift in Sources */ = {isa = PBXBuildFile; fileRef = 042AD7E3292F51CB00C599D3 /* PaddingAndSpacerBootcamp.swift */; };
		042AD7E6292F62EE00C599D3 /* InitionalizerBootcamp.swift in Sources */ = {isa = PBXBuildFile; fileRef = 042AD7E5292F62EE00C599D3 /* InitionalizerBootcamp.swift */; };
		042AD7E8292F73D500C599D3 /* ForEachBootcamp.swift in Sources */ = {isa = PBXBuildFile; fileRef = 042AD7E7292F73D500C599D3 /* ForEachBootcamp.swift */; };
		042AD7EA292F77F700C599D3 /* ScrollViewBootcamp.swift in Sources */ = {isa = PBXBuildFile; fileRef = 042AD7E9292F77F700C599D3 /* ScrollViewBootcamp.swift */; };
		042AD7EC292F8A2700C599D3 /* SafeAreaBootcamp.swift in Sources */ = {isa = PBXBuildFile; fileRef = 042AD7EB292F8A2700C599D3 /* SafeAreaBootcamp.swift */; };
		042AD7EE292FEA7800C599D3 /* ButtonsBootcamp.swift in Sources */ = {isa = PBXBuildFile; fileRef = 042AD7ED292FEA7700C599D3 /* ButtonsBootcamp.swift */; };
		042AD7F02930007F00C599D3 /* BindingStateBootcamp.swift in Sources */ = {isa = PBXBuildFile; fileRef = 042AD7EF2930007F00C599D3 /* BindingStateBootcamp.swift */; };
		042AD7F2293024CD00C599D3 /* SubViewsBootcamp.swift in Sources */ = {isa = PBXBuildFile; fileRef = 042AD7F1293024CD00C599D3 /* SubViewsBootcamp.swift */; };
		042AD7F429303A5200C599D3 /* AnimationsBootcamp.swift in Sources */ = {isa = PBXBuildFile; fileRef = 042AD7F329303A5200C599D3 /* AnimationsBootcamp.swift */; };
		042AD7F62930437B00C599D3 /* TransitionBootcamp.swift in Sources */ = {isa = PBXBuildFile; fileRef = 042AD7F52930437B00C599D3 /* TransitionBootcamp.swift */; };
		042AD7F8293048AD00C599D3 /* PopupSheetBootcamp.swift in Sources */ = {isa = PBXBuildFile; fileRef = 042AD7F7293048AD00C599D3 /* PopupSheetBootcamp.swift */; };
		042FC6FB293963E300CA37E9 /* ActionButtonBootcamp.swift in Sources */ = {isa = PBXBuildFile; fileRef = 042FC6FA293963E300CA37E9 /* ActionButtonBootcamp.swift */; };
		042FC6FD2939693100CA37E9 /* FormElementsBootcamp.swift in Sources */ = {isa = PBXBuildFile; fileRef = 042FC6FC2939693100CA37E9 /* FormElementsBootcamp.swift */; };
		047FC03E2932A11100988EB4 /* WeMakeAfricaView.swift in Sources */ = {isa = PBXBuildFile; fileRef = 047FC03D2932A11100988EB4 /* WeMakeAfricaView.swift */; };
		0494A97C292C1613006D620E /* GradientBootcamp.swift in Sources */ = {isa = PBXBuildFile; fileRef = 0494A97B292C1613006D620E /* GradientBootcamp.swift */; };
		0494A97E292CA910006D620E /* IconBootcamp.swift in Sources */ = {isa = PBXBuildFile; fileRef = 0494A97D292CA910006D620E /* IconBootcamp.swift */; };
		04B4FA7D2937618E006C70E6 /* NavigationViewAndLinks.swift in Sources */ = {isa = PBXBuildFile; fileRef = 04B4FA7C2937618E006C70E6 /* NavigationViewAndLinks.swift */; };
		04B4FA7F29376AA6006C70E6 /* ListsBootcamp.swift in Sources */ = {isa = PBXBuildFile; fileRef = 04B4FA7E29376AA6006C70E6 /* ListsBootcamp.swift */; };
		04B4FA812937771A006C70E6 /* AlertBootcamp.swift in Sources */ = {isa = PBXBuildFile; fileRef = 04B4FA802937771A006C70E6 /* AlertBootcamp.swift */; };
		04C8444E292BEF43002A2CB7 /* WeMakeAfricaApp.swift in Sources */ = {isa = PBXBuildFile; fileRef = 04C8444D292BEF43002A2CB7 /* WeMakeAfricaApp.swift */; };
		04C84450292BEF43002A2CB7 /* ContentView.swift in Sources */ = {isa = PBXBuildFile; fileRef = 04C8444F292BEF43002A2CB7 /* ContentView.swift */; };
		04C84452292BEF47002A2CB7 /* Assets.xcassets in Resources */ = {isa = PBXBuildFile; fileRef = 04C84451292BEF47002A2CB7 /* Assets.xcassets */; };
		04C84456292BEF47002A2CB7 /* Preview Assets.xcassets in Resources */ = {isa = PBXBuildFile; fileRef = 04C84455292BEF47002A2CB7 /* Preview Assets.xcassets */; };
		04C84460292BEF47002A2CB7 /* WeMakeAfricaTests.swift in Sources */ = {isa = PBXBuildFile; fileRef = 04C8445F292BEF47002A2CB7 /* WeMakeAfricaTests.swift */; };
		04C8446A292BEF47002A2CB7 /* WeMakeAfricaUITests.swift in Sources */ = {isa = PBXBuildFile; fileRef = 04C84469292BEF47002A2CB7 /* WeMakeAfricaUITests.swift */; };
		04C8446C292BEF47002A2CB7 /* WeMakeAfricaUITestsLaunchTests.swift in Sources */ = {isa = PBXBuildFile; fileRef = 04C8446B292BEF47002A2CB7 /* WeMakeAfricaUITestsLaunchTests.swift */; };
		04C84479292BF76C002A2CB7 /* TextBootcamp.swift in Sources */ = {isa = PBXBuildFile; fileRef = 04C84478292BF76C002A2CB7 /* TextBootcamp.swift */; };
		04F3616A293A74A9007F7D73 /* CustomTypeModelBootcamp.swift in Sources */ = {isa = PBXBuildFile; fileRef = 04F36169293A74A9007F7D73 /* CustomTypeModelBootcamp.swift */; };
		04F3616C293A79CF007F7D73 /* OnAppear-ObservableBootcamp.swift in Sources */ = {isa = PBXBuildFile; fileRef = 04F3616B293A79CF007F7D73 /* OnAppear-ObservableBootcamp.swift */; };
		04F3616E293BDC80007F7D73 /* EnvironmentObjectBootcamp.swift in Sources */ = {isa = PBXBuildFile; fileRef = 04F3616D293BDC80007F7D73 /* EnvironmentObjectBootcamp.swift */; };
		04F36170293BE685007F7D73 /* AppStorageBootcamp.swift in Sources */ = {isa = PBXBuildFile; fileRef = 04F3616F293BE685007F7D73 /* AppStorageBootcamp.swift */; };
		04F36172293BEE29007F7D73 /* TabViewBootcamp.swift in Sources */ = {isa = PBXBuildFile; fileRef = 04F36171293BEE29007F7D73 /* TabViewBootcamp.swift */; };
		04F65AEB292C08B6008E0590 /* ShapesBootcamp.swift in Sources */ = {isa = PBXBuildFile; fileRef = 04F65AEA292C08B6008E0590 /* ShapesBootcamp.swift */; };
		04F65AED292C0E54008E0590 /* ColorBootcamp.swift in Sources */ = {isa = PBXBuildFile; fileRef = 04F65AEC292C0E54008E0590 /* ColorBootcamp.swift */; };
/* End PBXBuildFile section */

/* Begin PBXContainerItemProxy section */
		04C8445C292BEF47002A2CB7 /* PBXContainerItemProxy */ = {
			isa = PBXContainerItemProxy;
			containerPortal = 04C84442292BEF43002A2CB7 /* Project object */;
			proxyType = 1;
			remoteGlobalIDString = 04C84449292BEF43002A2CB7;
			remoteInfo = WeMakeAfrica;
		};
		04C84466292BEF47002A2CB7 /* PBXContainerItemProxy */ = {
			isa = PBXContainerItemProxy;
			containerPortal = 04C84442292BEF43002A2CB7 /* Project object */;
			proxyType = 1;
			remoteGlobalIDString = 04C84449292BEF43002A2CB7;
			remoteInfo = WeMakeAfrica;
		};
/* End PBXContainerItemProxy section */

/* Begin PBXFileReference section */
		042AD7DF292F45D400C599D3 /* ImageBootcamp.swift */ = {isa = PBXFileReference; lastKnownFileType = sourcecode.swift; path = ImageBootcamp.swift; sourceTree = "<group>"; };
		042AD7E1292F4CBD00C599D3 /* StackBootcamp.swift */ = {isa = PBXFileReference; lastKnownFileType = sourcecode.swift; path = StackBootcamp.swift; sourceTree = "<group>"; };
		042AD7E3292F51CB00C599D3 /* PaddingAndSpacerBootcamp.swift */ = {isa = PBXFileReference; lastKnownFileType = sourcecode.swift; path = PaddingAndSpacerBootcamp.swift; sourceTree = "<group>"; };
		042AD7E5292F62EE00C599D3 /* InitionalizerBootcamp.swift */ = {isa = PBXFileReference; lastKnownFileType = sourcecode.swift; path = InitionalizerBootcamp.swift; sourceTree = "<group>"; };
		042AD7E7292F73D500C599D3 /* ForEachBootcamp.swift */ = {isa = PBXFileReference; lastKnownFileType = sourcecode.swift; path = ForEachBootcamp.swift; sourceTree = "<group>"; };
		042AD7E9292F77F700C599D3 /* ScrollViewBootcamp.swift */ = {isa = PBXFileReference; lastKnownFileType = sourcecode.swift; path = ScrollViewBootcamp.swift; sourceTree = "<group>"; };
		042AD7EB292F8A2700C599D3 /* SafeAreaBootcamp.swift */ = {isa = PBXFileReference; lastKnownFileType = sourcecode.swift; path = SafeAreaBootcamp.swift; sourceTree = "<group>"; };
		042AD7ED292FEA7700C599D3 /* ButtonsBootcamp.swift */ = {isa = PBXFileReference; lastKnownFileType = sourcecode.swift; path = ButtonsBootcamp.swift; sourceTree = "<group>"; };
		042AD7EF2930007F00C599D3 /* BindingStateBootcamp.swift */ = {isa = PBXFileReference; lastKnownFileType = sourcecode.swift; path = BindingStateBootcamp.swift; sourceTree = "<group>"; };
		042AD7F1293024CD00C599D3 /* SubViewsBootcamp.swift */ = {isa = PBXFileReference; lastKnownFileType = sourcecode.swift; path = SubViewsBootcamp.swift; sourceTree = "<group>"; };
		042AD7F329303A5200C599D3 /* AnimationsBootcamp.swift */ = {isa = PBXFileReference; lastKnownFileType = sourcecode.swift; path = AnimationsBootcamp.swift; sourceTree = "<group>"; };
		042AD7F52930437B00C599D3 /* TransitionBootcamp.swift */ = {isa = PBXFileReference; lastKnownFileType = sourcecode.swift; path = TransitionBootcamp.swift; sourceTree = "<group>"; };
		042AD7F7293048AD00C599D3 /* PopupSheetBootcamp.swift */ = {isa = PBXFileReference; lastKnownFileType = sourcecode.swift; path = PopupSheetBootcamp.swift; sourceTree = "<group>"; };
		042FC6FA293963E300CA37E9 /* ActionButtonBootcamp.swift */ = {isa = PBXFileReference; lastKnownFileType = sourcecode.swift; path = ActionButtonBootcamp.swift; sourceTree = "<group>"; };
		042FC6FC2939693100CA37E9 /* FormElementsBootcamp.swift */ = {isa = PBXFileReference; lastKnownFileType = sourcecode.swift; path = FormElementsBootcamp.swift; sourceTree = "<group>"; };
		047FC03D2932A11100988EB4 /* WeMakeAfricaView.swift */ = {isa = PBXFileReference; lastKnownFileType = sourcecode.swift; path = WeMakeAfricaView.swift; sourceTree = "<group>"; };
		0494A97B292C1613006D620E /* GradientBootcamp.swift */ = {isa = PBXFileReference; lastKnownFileType = sourcecode.swift; path = GradientBootcamp.swift; sourceTree = "<group>"; };
		0494A97D292CA910006D620E /* IconBootcamp.swift */ = {isa = PBXFileReference; lastKnownFileType = sourcecode.swift; path = IconBootcamp.swift; sourceTree = "<group>"; };
		04B4FA7C2937618E006C70E6 /* NavigationViewAndLinks.swift */ = {isa = PBXFileReference; lastKnownFileType = sourcecode.swift; path = NavigationViewAndLinks.swift; sourceTree = "<group>"; };
		04B4FA7E29376AA6006C70E6 /* ListsBootcamp.swift */ = {isa = PBXFileReference; lastKnownFileType = sourcecode.swift; path = ListsBootcamp.swift; sourceTree = "<group>"; };
		04B4FA802937771A006C70E6 /* AlertBootcamp.swift */ = {isa = PBXFileReference; lastKnownFileType = sourcecode.swift; path = AlertBootcamp.swift; sourceTree = "<group>"; };
		04C8444A292BEF43002A2CB7 /* WeMakeAfrica.app */ = {isa = PBXFileReference; explicitFileType = wrapper.application; includeInIndex = 0; path = WeMakeAfrica.app; sourceTree = BUILT_PRODUCTS_DIR; };
		04C8444D292BEF43002A2CB7 /* WeMakeAfricaApp.swift */ = {isa = PBXFileReference; lastKnownFileType = sourcecode.swift; path = WeMakeAfricaApp.swift; sourceTree = "<group>"; };
		04C8444F292BEF43002A2CB7 /* ContentView.swift */ = {isa = PBXFileReference; lastKnownFileType = sourcecode.swift; path = ContentView.swift; sourceTree = "<group>"; };
		04C84451292BEF47002A2CB7 /* Assets.xcassets */ = {isa = PBXFileReference; lastKnownFileType = folder.assetcatalog; path = Assets.xcassets; sourceTree = "<group>"; };
		04C84453292BEF47002A2CB7 /* WeMakeAfrica.entitlements */ = {isa = PBXFileReference; lastKnownFileType = text.plist.entitlements; path = WeMakeAfrica.entitlements; sourceTree = "<group>"; };
		04C84455292BEF47002A2CB7 /* Preview Assets.xcassets */ = {isa = PBXFileReference; lastKnownFileType = folder.assetcatalog; path = "Preview Assets.xcassets"; sourceTree = "<group>"; };
		04C8445B292BEF47002A2CB7 /* WeMakeAfricaTests.xctest */ = {isa = PBXFileReference; explicitFileType = wrapper.cfbundle; includeInIndex = 0; path = WeMakeAfricaTests.xctest; sourceTree = BUILT_PRODUCTS_DIR; };
		04C8445F292BEF47002A2CB7 /* WeMakeAfricaTests.swift */ = {isa = PBXFileReference; lastKnownFileType = sourcecode.swift; path = WeMakeAfricaTests.swift; sourceTree = "<group>"; };
		04C84465292BEF47002A2CB7 /* WeMakeAfricaUITests.xctest */ = {isa = PBXFileReference; explicitFileType = wrapper.cfbundle; includeInIndex = 0; path = WeMakeAfricaUITests.xctest; sourceTree = BUILT_PRODUCTS_DIR; };
		04C84469292BEF47002A2CB7 /* WeMakeAfricaUITests.swift */ = {isa = PBXFileReference; lastKnownFileType = sourcecode.swift; path = WeMakeAfricaUITests.swift; sourceTree = "<group>"; };
		04C8446B292BEF47002A2CB7 /* WeMakeAfricaUITestsLaunchTests.swift */ = {isa = PBXFileReference; lastKnownFileType = sourcecode.swift; path = WeMakeAfricaUITestsLaunchTests.swift; sourceTree = "<group>"; };
		04C84478292BF76C002A2CB7 /* TextBootcamp.swift */ = {isa = PBXFileReference; lastKnownFileType = sourcecode.swift; path = TextBootcamp.swift; sourceTree = "<group>"; };
		04F36169293A74A9007F7D73 /* CustomTypeModelBootcamp.swift */ = {isa = PBXFileReference; lastKnownFileType = sourcecode.swift; path = CustomTypeModelBootcamp.swift; sourceTree = "<group>"; };
		04F3616B293A79CF007F7D73 /* OnAppear-ObservableBootcamp.swift */ = {isa = PBXFileReference; lastKnownFileType = sourcecode.swift; path = "OnAppear-ObservableBootcamp.swift"; sourceTree = "<group>"; };
		04F3616D293BDC80007F7D73 /* EnvironmentObjectBootcamp.swift */ = {isa = PBXFileReference; lastKnownFileType = sourcecode.swift; path = EnvironmentObjectBootcamp.swift; sourceTree = "<group>"; };
		04F3616F293BE685007F7D73 /* AppStorageBootcamp.swift */ = {isa = PBXFileReference; lastKnownFileType = sourcecode.swift; path = AppStorageBootcamp.swift; sourceTree = "<group>"; };
		04F36171293BEE29007F7D73 /* TabViewBootcamp.swift */ = {isa = PBXFileReference; lastKnownFileType = sourcecode.swift; path = TabViewBootcamp.swift; sourceTree = "<group>"; };
		04F65AEA292C08B6008E0590 /* ShapesBootcamp.swift */ = {isa = PBXFileReference; lastKnownFileType = sourcecode.swift; path = ShapesBootcamp.swift; sourceTree = "<group>"; };
		04F65AEC292C0E54008E0590 /* ColorBootcamp.swift */ = {isa = PBXFileReference; lastKnownFileType = sourcecode.swift; path = ColorBootcamp.swift; sourceTree = "<group>"; };
/* End PBXFileReference section */

/* Begin PBXFrameworksBuildPhase section */
		04C84447292BEF43002A2CB7 /* Frameworks */ = {
			isa = PBXFrameworksBuildPhase;
			buildActionMask = 2147483647;
			files = (
			);
			runOnlyForDeploymentPostprocessing = 0;
		};
		04C84458292BEF47002A2CB7 /* Frameworks */ = {
			isa = PBXFrameworksBuildPhase;
			buildActionMask = 2147483647;
			files = (
			);
			runOnlyForDeploymentPostprocessing = 0;
		};
		04C84462292BEF47002A2CB7 /* Frameworks */ = {
			isa = PBXFrameworksBuildPhase;
			buildActionMask = 2147483647;
			files = (
			);
			runOnlyForDeploymentPostprocessing = 0;
		};
/* End PBXFrameworksBuildPhase section */

/* Begin PBXGroup section */
		04C84441292BEF43002A2CB7 = {
			isa = PBXGroup;
			children = (
				04C8444C292BEF43002A2CB7 /* WeMakeAfrica */,
				04C8445E292BEF47002A2CB7 /* WeMakeAfricaTests */,
				04C84468292BEF47002A2CB7 /* WeMakeAfricaUITests */,
				04C8444B292BEF43002A2CB7 /* Products */,
			);
			sourceTree = "<group>";
		};
		04C8444B292BEF43002A2CB7 /* Products */ = {
			isa = PBXGroup;
			children = (
				04C8444A292BEF43002A2CB7 /* WeMakeAfrica.app */,
				04C8445B292BEF47002A2CB7 /* WeMakeAfricaTests.xctest */,
				04C84465292BEF47002A2CB7 /* WeMakeAfricaUITests.xctest */,
			);
			name = Products;
			sourceTree = "<group>";
		};
		04C8444C292BEF43002A2CB7 /* WeMakeAfrica */ = {
			isa = PBXGroup;
			children = (
				04C8444D292BEF43002A2CB7 /* WeMakeAfricaApp.swift */,
				04C8444F292BEF43002A2CB7 /* ContentView.swift */,
				042AD7E1292F4CBD00C599D3 /* StackBootcamp.swift */,
				042AD7E3292F51CB00C599D3 /* PaddingAndSpacerBootcamp.swift */,
				042AD7E5292F62EE00C599D3 /* InitionalizerBootcamp.swift */,
				042AD7E7292F73D500C599D3 /* ForEachBootcamp.swift */,
				042AD7EF2930007F00C599D3 /* BindingStateBootcamp.swift */,
				042AD7F329303A5200C599D3 /* AnimationsBootcamp.swift */,
				042AD7E9292F77F700C599D3 /* ScrollViewBootcamp.swift */,
				042AD7F52930437B00C599D3 /* TransitionBootcamp.swift */,
				042AD7EB292F8A2700C599D3 /* SafeAreaBootcamp.swift */,
				042AD7F7293048AD00C599D3 /* PopupSheetBootcamp.swift */,
				04C84478292BF76C002A2CB7 /* TextBootcamp.swift */,
				04B4FA7C2937618E006C70E6 /* NavigationViewAndLinks.swift */,
				047FC03D2932A11100988EB4 /* WeMakeAfricaView.swift */,
				042AD7ED292FEA7700C599D3 /* ButtonsBootcamp.swift */,
				042AD7F1293024CD00C599D3 /* SubViewsBootcamp.swift */,
				04B4FA7E29376AA6006C70E6 /* ListsBootcamp.swift */,
				04F36171293BEE29007F7D73 /* TabViewBootcamp.swift */,
				04F36169293A74A9007F7D73 /* CustomTypeModelBootcamp.swift */,
				04F3616B293A79CF007F7D73 /* OnAppear-ObservableBootcamp.swift */,
				04F3616F293BE685007F7D73 /* AppStorageBootcamp.swift */,
				04F3616D293BDC80007F7D73 /* EnvironmentObjectBootcamp.swift */,
				04B4FA802937771A006C70E6 /* AlertBootcamp.swift */,
				042FC6FA293963E300CA37E9 /* ActionButtonBootcamp.swift */,
				042FC6FC2939693100CA37E9 /* FormElementsBootcamp.swift */,
				04F65AEA292C08B6008E0590 /* ShapesBootcamp.swift */,
				04F65AEC292C0E54008E0590 /* ColorBootcamp.swift */,
				0494A97B292C1613006D620E /* GradientBootcamp.swift */,
				0494A97D292CA910006D620E /* IconBootcamp.swift */,
				042AD7DF292F45D400C599D3 /* ImageBootcamp.swift */,
				04C84451292BEF47002A2CB7 /* Assets.xcassets */,
				04C84453292BEF47002A2CB7 /* WeMakeAfrica.entitlements */,
				04C84454292BEF47002A2CB7 /* Preview Content */,
			);
			path = WeMakeAfrica;
			sourceTree = "<group>";
		};
		04C84454292BEF47002A2CB7 /* Preview Content */ = {
			isa = PBXGroup;
			children = (
				04C84455292BEF47002A2CB7 /* Preview Assets.xcassets */,
			);
			path = "Preview Content";
			sourceTree = "<group>";
		};
		04C8445E292BEF47002A2CB7 /* WeMakeAfricaTests */ = {
			isa = PBXGroup;
			children = (
				04C8445F292BEF47002A2CB7 /* WeMakeAfricaTests.swift */,
			);
			path = WeMakeAfricaTests;
			sourceTree = "<group>";
		};
		04C84468292BEF47002A2CB7 /* WeMakeAfricaUITests */ = {
			isa = PBXGroup;
			children = (
				04C84469292BEF47002A2CB7 /* WeMakeAfricaUITests.swift */,
				04C8446B292BEF47002A2CB7 /* WeMakeAfricaUITestsLaunchTests.swift */,
			);
			path = WeMakeAfricaUITests;
			sourceTree = "<group>";
		};
/* End PBXGroup section */

/* Begin PBXNativeTarget section */
		04C84449292BEF43002A2CB7 /* WeMakeAfrica */ = {
			isa = PBXNativeTarget;
			buildConfigurationList = 04C8446F292BEF47002A2CB7 /* Build configuration list for PBXNativeTarget "WeMakeAfrica" */;
			buildPhases = (
				04C84446292BEF43002A2CB7 /* Sources */,
				04C84447292BEF43002A2CB7 /* Frameworks */,
				04C84448292BEF43002A2CB7 /* Resources */,
			);
			buildRules = (
			);
			dependencies = (
			);
			name = WeMakeAfrica;
			productName = WeMakeAfrica;
			productReference = 04C8444A292BEF43002A2CB7 /* WeMakeAfrica.app */;
			productType = "com.apple.product-type.application";
		};
		04C8445A292BEF47002A2CB7 /* WeMakeAfricaTests */ = {
			isa = PBXNativeTarget;
			buildConfigurationList = 04C84472292BEF47002A2CB7 /* Build configuration list for PBXNativeTarget "WeMakeAfricaTests" */;
			buildPhases = (
				04C84457292BEF47002A2CB7 /* Sources */,
				04C84458292BEF47002A2CB7 /* Frameworks */,
				04C84459292BEF47002A2CB7 /* Resources */,
			);
			buildRules = (
			);
			dependencies = (
				04C8445D292BEF47002A2CB7 /* PBXTargetDependency */,
			);
			name = WeMakeAfricaTests;
			productName = WeMakeAfricaTests;
			productReference = 04C8445B292BEF47002A2CB7 /* WeMakeAfricaTests.xctest */;
			productType = "com.apple.product-type.bundle.unit-test";
		};
		04C84464292BEF47002A2CB7 /* WeMakeAfricaUITests */ = {
			isa = PBXNativeTarget;
			buildConfigurationList = 04C84475292BEF47002A2CB7 /* Build configuration list for PBXNativeTarget "WeMakeAfricaUITests" */;
			buildPhases = (
				04C84461292BEF47002A2CB7 /* Sources */,
				04C84462292BEF47002A2CB7 /* Frameworks */,
				04C84463292BEF47002A2CB7 /* Resources */,
			);
			buildRules = (
			);
			dependencies = (
				04C84467292BEF47002A2CB7 /* PBXTargetDependency */,
			);
			name = WeMakeAfricaUITests;
			productName = WeMakeAfricaUITests;
			productReference = 04C84465292BEF47002A2CB7 /* WeMakeAfricaUITests.xctest */;
			productType = "com.apple.product-type.bundle.ui-testing";
		};
/* End PBXNativeTarget section */

/* Begin PBXProject section */
		04C84442292BEF43002A2CB7 /* Project object */ = {
			isa = PBXProject;
			attributes = {
				BuildIndependentTargetsInParallel = 1;
				LastSwiftUpdateCheck = 1410;
				LastUpgradeCheck = 1410;
				TargetAttributes = {
					04C84449292BEF43002A2CB7 = {
						CreatedOnToolsVersion = 14.1;
					};
					04C8445A292BEF47002A2CB7 = {
						CreatedOnToolsVersion = 14.1;
						TestTargetID = 04C84449292BEF43002A2CB7;
					};
					04C84464292BEF47002A2CB7 = {
						CreatedOnToolsVersion = 14.1;
						TestTargetID = 04C84449292BEF43002A2CB7;
					};
				};
			};
			buildConfigurationList = 04C84445292BEF43002A2CB7 /* Build configuration list for PBXProject "WeMakeAfrica" */;
			compatibilityVersion = "Xcode 14.0";
			developmentRegion = en;
			hasScannedForEncodings = 0;
			knownRegions = (
				en,
				Base,
			);
			mainGroup = 04C84441292BEF43002A2CB7;
			productRefGroup = 04C8444B292BEF43002A2CB7 /* Products */;
			projectDirPath = "";
			projectRoot = "";
			targets = (
				04C84449292BEF43002A2CB7 /* WeMakeAfrica */,
				04C8445A292BEF47002A2CB7 /* WeMakeAfricaTests */,
				04C84464292BEF47002A2CB7 /* WeMakeAfricaUITests */,
			);
		};
/* End PBXProject section */

/* Begin PBXResourcesBuildPhase section */
		04C84448292BEF43002A2CB7 /* Resources */ = {
			isa = PBXResourcesBuildPhase;
			buildActionMask = 2147483647;
			files = (
				04C84456292BEF47002A2CB7 /* Preview Assets.xcassets in Resources */,
				04C84452292BEF47002A2CB7 /* Assets.xcassets in Resources */,
			);
			runOnlyForDeploymentPostprocessing = 0;
		};
		04C84459292BEF47002A2CB7 /* Resources */ = {
			isa = PBXResourcesBuildPhase;
			buildActionMask = 2147483647;
			files = (
			);
			runOnlyForDeploymentPostprocessing = 0;
		};
		04C84463292BEF47002A2CB7 /* Resources */ = {
			isa = PBXResourcesBuildPhase;
			buildActionMask = 2147483647;
			files = (
			);
			runOnlyForDeploymentPostprocessing = 0;
		};
/* End PBXResourcesBuildPhase section */

/* Begin PBXSourcesBuildPhase section */
		04C84446292BEF43002A2CB7 /* Sources */ = {
			isa = PBXSourcesBuildPhase;
			buildActionMask = 2147483647;
			files = (
				042AD7E4292F51CB00C599D3 /* PaddingAndSpacerBootcamp.swift in Sources */,
				04F65AED292C0E54008E0590 /* ColorBootcamp.swift in Sources */,
				04F36170293BE685007F7D73 /* AppStorageBootcamp.swift in Sources */,
				04F3616E293BDC80007F7D73 /* EnvironmentObjectBootcamp.swift in Sources */,
				04B4FA7F29376AA6006C70E6 /* ListsBootcamp.swift in Sources */,
				04B4FA812937771A006C70E6 /* AlertBootcamp.swift in Sources */,
				042AD7EE292FEA7800C599D3 /* ButtonsBootcamp.swift in Sources */,
				042AD7F2293024CD00C599D3 /* SubViewsBootcamp.swift in Sources */,
				04F36172293BEE29007F7D73 /* TabViewBootcamp.swift in Sources */,
				04F65AEB292C08B6008E0590 /* ShapesBootcamp.swift in Sources */,
				042AD7F02930007F00C599D3 /* BindingStateBootcamp.swift in Sources */,
				0494A97E292CA910006D620E /* IconBootcamp.swift in Sources */,
				047FC03E2932A11100988EB4 /* WeMakeAfricaView.swift in Sources */,
				042FC6FB293963E300CA37E9 /* ActionButtonBootcamp.swift in Sources */,
				042AD7E6292F62EE00C599D3 /* InitionalizerBootcamp.swift in Sources */,
				042AD7E8292F73D500C599D3 /* ForEachBootcamp.swift in Sources */,
				04B4FA7D2937618E006C70E6 /* NavigationViewAndLinks.swift in Sources */,
				04C84450292BEF43002A2CB7 /* ContentView.swift in Sources */,
				04C84479292BF76C002A2CB7 /* TextBootcamp.swift in Sources */,
				042AD7F62930437B00C599D3 /* TransitionBootcamp.swift in Sources */,
				0494A97C292C1613006D620E /* GradientBootcamp.swift in Sources */,
				042AD7E0292F45D400C599D3 /* ImageBootcamp.swift in Sources */,
				04F3616C293A79CF007F7D73 /* OnAppear-ObservableBootcamp.swift in Sources */,
				042FC6FD2939693100CA37E9 /* FormElementsBootcamp.swift in Sources */,
				042AD7EC292F8A2700C599D3 /* SafeAreaBootcamp.swift in Sources */,
				042AD7EA292F77F700C599D3 /* ScrollViewBootcamp.swift in Sources */,
				042AD7E2292F4CBD00C599D3 /* StackBootcamp.swift in Sources */,
				042AD7F8293048AD00C599D3 /* PopupSheetBootcamp.swift in Sources */,
				04C8444E292BEF43002A2CB7 /* WeMakeAfricaApp.swift in Sources */,
				042AD7F429303A5200C599D3 /* AnimationsBootcamp.swift in Sources */,
				04F3616A293A74A9007F7D73 /* CustomTypeModelBootcamp.swift in Sources */,
			);
			runOnlyForDeploymentPostprocessing = 0;
		};
		04C84457292BEF47002A2CB7 /* Sources */ = {
			isa = PBXSourcesBuildPhase;
			buildActionMask = 2147483647;
			files = (
				04C84460292BEF47002A2CB7 /* WeMakeAfricaTests.swift in Sources */,
			);
			runOnlyForDeploymentPostprocessing = 0;
		};
		04C84461292BEF47002A2CB7 /* Sources */ = {
			isa = PBXSourcesBuildPhase;
			buildActionMask = 2147483647;
			files = (
				04C8446C292BEF47002A2CB7 /* WeMakeAfricaUITestsLaunchTests.swift in Sources */,
				04C8446A292BEF47002A2CB7 /* WeMakeAfricaUITests.swift in Sources */,
			);
			runOnlyForDeploymentPostprocessing = 0;
		};
/* End PBXSourcesBuildPhase section */

/* Begin PBXTargetDependency section */
		04C8445D292BEF47002A2CB7 /* PBXTargetDependency */ = {
			isa = PBXTargetDependency;
			target = 04C84449292BEF43002A2CB7 /* WeMakeAfrica */;
			targetProxy = 04C8445C292BEF47002A2CB7 /* PBXContainerItemProxy */;
		};
		04C84467292BEF47002A2CB7 /* PBXTargetDependency */ = {
			isa = PBXTargetDependency;
			target = 04C84449292BEF43002A2CB7 /* WeMakeAfrica */;
			targetProxy = 04C84466292BEF47002A2CB7 /* PBXContainerItemProxy */;
		};
/* End PBXTargetDependency section */

/* Begin XCBuildConfiguration section */
		04C8446D292BEF47002A2CB7 /* Debug */ = {
			isa = XCBuildConfiguration;
			buildSettings = {
				ALWAYS_SEARCH_USER_PATHS = NO;
				CLANG_ANALYZER_NONNULL = YES;
				CLANG_ANALYZER_NUMBER_OBJECT_CONVERSION = YES_AGGRESSIVE;
				CLANG_CXX_LANGUAGE_STANDARD = "gnu++20";
				CLANG_ENABLE_MODULES = YES;
				CLANG_ENABLE_OBJC_ARC = YES;
				CLANG_ENABLE_OBJC_WEAK = YES;
				CLANG_WARN_BLOCK_CAPTURE_AUTORELEASING = YES;
				CLANG_WARN_BOOL_CONVERSION = YES;
				CLANG_WARN_COMMA = YES;
				CLANG_WARN_CONSTANT_CONVERSION = YES;
				CLANG_WARN_DEPRECATED_OBJC_IMPLEMENTATIONS = YES;
				CLANG_WARN_DIRECT_OBJC_ISA_USAGE = YES_ERROR;
				CLANG_WARN_DOCUMENTATION_COMMENTS = YES;
				CLANG_WARN_EMPTY_BODY = YES;
				CLANG_WARN_ENUM_CONVERSION = YES;
				CLANG_WARN_INFINITE_RECURSION = YES;
				CLANG_WARN_INT_CONVERSION = YES;
				CLANG_WARN_NON_LITERAL_NULL_CONVERSION = YES;
				CLANG_WARN_OBJC_IMPLICIT_RETAIN_SELF = YES;
				CLANG_WARN_OBJC_LITERAL_CONVERSION = YES;
				CLANG_WARN_OBJC_ROOT_CLASS = YES_ERROR;
				CLANG_WARN_QUOTED_INCLUDE_IN_FRAMEWORK_HEADER = YES;
				CLANG_WARN_RANGE_LOOP_ANALYSIS = YES;
				CLANG_WARN_STRICT_PROTOTYPES = YES;
				CLANG_WARN_SUSPICIOUS_MOVE = YES;
				CLANG_WARN_UNGUARDED_AVAILABILITY = YES_AGGRESSIVE;
				CLANG_WARN_UNREACHABLE_CODE = YES;
				CLANG_WARN__DUPLICATE_METHOD_MATCH = YES;
				COPY_PHASE_STRIP = NO;
				DEBUG_INFORMATION_FORMAT = dwarf;
				ENABLE_STRICT_OBJC_MSGSEND = YES;
				ENABLE_TESTABILITY = YES;
				GCC_C_LANGUAGE_STANDARD = gnu11;
				GCC_DYNAMIC_NO_PIC = NO;
				GCC_NO_COMMON_BLOCKS = YES;
				GCC_OPTIMIZATION_LEVEL = 0;
				GCC_PREPROCESSOR_DEFINITIONS = (
					"DEBUG=1",
					"$(inherited)",
				);
				GCC_WARN_64_TO_32_BIT_CONVERSION = YES;
				GCC_WARN_ABOUT_RETURN_TYPE = YES_ERROR;
				GCC_WARN_UNDECLARED_SELECTOR = YES;
				GCC_WARN_UNINITIALIZED_AUTOS = YES_AGGRESSIVE;
				GCC_WARN_UNUSED_FUNCTION = YES;
				GCC_WARN_UNUSED_VARIABLE = YES;
				MTL_ENABLE_DEBUG_INFO = INCLUDE_SOURCE;
				MTL_FAST_MATH = YES;
				ONLY_ACTIVE_ARCH = YES;
				SWIFT_ACTIVE_COMPILATION_CONDITIONS = DEBUG;
				SWIFT_OPTIMIZATION_LEVEL = "-Onone";
			};
			name = Debug;
		};
		04C8446E292BEF47002A2CB7 /* Release */ = {
			isa = XCBuildConfiguration;
			buildSettings = {
				ALWAYS_SEARCH_USER_PATHS = NO;
				CLANG_ANALYZER_NONNULL = YES;
				CLANG_ANALYZER_NUMBER_OBJECT_CONVERSION = YES_AGGRESSIVE;
				CLANG_CXX_LANGUAGE_STANDARD = "gnu++20";
				CLANG_ENABLE_MODULES = YES;
				CLANG_ENABLE_OBJC_ARC = YES;
				CLANG_ENABLE_OBJC_WEAK = YES;
				CLANG_WARN_BLOCK_CAPTURE_AUTORELEASING = YES;
				CLANG_WARN_BOOL_CONVERSION = YES;
				CLANG_WARN_COMMA = YES;
				CLANG_WARN_CONSTANT_CONVERSION = YES;
				CLANG_WARN_DEPRECATED_OBJC_IMPLEMENTATIONS = YES;
				CLANG_WARN_DIRECT_OBJC_ISA_USAGE = YES_ERROR;
				CLANG_WARN_DOCUMENTATION_COMMENTS = YES;
				CLANG_WARN_EMPTY_BODY = YES;
				CLANG_WARN_ENUM_CONVERSION = YES;
				CLANG_WARN_INFINITE_RECURSION = YES;
				CLANG_WARN_INT_CONVERSION = YES;
				CLANG_WARN_NON_LITERAL_NULL_CONVERSION = YES;
				CLANG_WARN_OBJC_IMPLICIT_RETAIN_SELF = YES;
				CLANG_WARN_OBJC_LITERAL_CONVERSION = YES;
				CLANG_WARN_OBJC_ROOT_CLASS = YES_ERROR;
				CLANG_WARN_QUOTED_INCLUDE_IN_FRAMEWORK_HEADER = YES;
				CLANG_WARN_RANGE_LOOP_ANALYSIS = YES;
				CLANG_WARN_STRICT_PROTOTYPES = YES;
				CLANG_WARN_SUSPICIOUS_MOVE = YES;
				CLANG_WARN_UNGUARDED_AVAILABILITY = YES_AGGRESSIVE;
				CLANG_WARN_UNREACHABLE_CODE = YES;
				CLANG_WARN__DUPLICATE_METHOD_MATCH = YES;
				COPY_PHASE_STRIP = NO;
				DEBUG_INFORMATION_FORMAT = "dwarf-with-dsym";
				ENABLE_NS_ASSERTIONS = NO;
				ENABLE_STRICT_OBJC_MSGSEND = YES;
				GCC_C_LANGUAGE_STANDARD = gnu11;
				GCC_NO_COMMON_BLOCKS = YES;
				GCC_WARN_64_TO_32_BIT_CONVERSION = YES;
				GCC_WARN_ABOUT_RETURN_TYPE = YES_ERROR;
				GCC_WARN_UNDECLARED_SELECTOR = YES;
				GCC_WARN_UNINITIALIZED_AUTOS = YES_AGGRESSIVE;
				GCC_WARN_UNUSED_FUNCTION = YES;
				GCC_WARN_UNUSED_VARIABLE = YES;
				MTL_ENABLE_DEBUG_INFO = NO;
				MTL_FAST_MATH = YES;
				SWIFT_COMPILATION_MODE = wholemodule;
				SWIFT_OPTIMIZATION_LEVEL = "-O";
			};
			name = Release;
		};
		04C84470292BEF47002A2CB7 /* Debug */ = {
			isa = XCBuildConfiguration;
			buildSettings = {
				ASSETCATALOG_COMPILER_APPICON_NAME = AppIcon;
				ASSETCATALOG_COMPILER_GLOBAL_ACCENT_COLOR_NAME = AccentColor;
				CODE_SIGN_ENTITLEMENTS = WeMakeAfrica/WeMakeAfrica.entitlements;
				CODE_SIGN_STYLE = Automatic;
				CURRENT_PROJECT_VERSION = 1;
				DEVELOPMENT_ASSET_PATHS = "\"WeMakeAfrica/Preview Content\"";
				ENABLE_PREVIEWS = YES;
				GENERATE_INFOPLIST_FILE = YES;
				"INFOPLIST_KEY_UIApplicationSceneManifest_Generation[sdk=iphoneos*]" = YES;
				"INFOPLIST_KEY_UIApplicationSceneManifest_Generation[sdk=iphonesimulator*]" = YES;
				"INFOPLIST_KEY_UIApplicationSupportsIndirectInputEvents[sdk=iphoneos*]" = YES;
				"INFOPLIST_KEY_UIApplicationSupportsIndirectInputEvents[sdk=iphonesimulator*]" = YES;
				"INFOPLIST_KEY_UILaunchScreen_Generation[sdk=iphoneos*]" = YES;
				"INFOPLIST_KEY_UILaunchScreen_Generation[sdk=iphonesimulator*]" = YES;
				"INFOPLIST_KEY_UIStatusBarStyle[sdk=iphoneos*]" = UIStatusBarStyleDefault;
				"INFOPLIST_KEY_UIStatusBarStyle[sdk=iphonesimulator*]" = UIStatusBarStyleDefault;
				INFOPLIST_KEY_UISupportedInterfaceOrientations_iPad = "UIInterfaceOrientationPortrait UIInterfaceOrientationPortraitUpsideDown UIInterfaceOrientationLandscapeLeft UIInterfaceOrientationLandscapeRight";
				INFOPLIST_KEY_UISupportedInterfaceOrientations_iPhone = "UIInterfaceOrientationPortrait UIInterfaceOrientationLandscapeLeft UIInterfaceOrientationLandscapeRight";
				IPHONEOS_DEPLOYMENT_TARGET = 16.1;
				LD_RUNPATH_SEARCH_PATHS = "@executable_path/Frameworks";
				"LD_RUNPATH_SEARCH_PATHS[sdk=macosx*]" = "@executable_path/../Frameworks";
				MACOSX_DEPLOYMENT_TARGET = 12.6;
				MARKETING_VERSION = 1.0;
				PRODUCT_BUNDLE_IDENTIFIER = com.wemakeafrica.WeMakeAfrica;
				PRODUCT_NAME = "$(TARGET_NAME)";
				SDKROOT = auto;
				SUPPORTED_PLATFORMS = "iphoneos iphonesimulator";
				SUPPORTS_MACCATALYST = NO;
				SUPPORTS_MAC_DESIGNED_FOR_IPHONE_IPAD = NO;
				SWIFT_EMIT_LOC_STRINGS = YES;
				SWIFT_VERSION = 5.0;
				TARGETED_DEVICE_FAMILY = 1;
			};
			name = Debug;
		};
		04C84471292BEF47002A2CB7 /* Release */ = {
			isa = XCBuildConfiguration;
			buildSettings = {
				ASSETCATALOG_COMPILER_APPICON_NAME = AppIcon;
				ASSETCATALOG_COMPILER_GLOBAL_ACCENT_COLOR_NAME = AccentColor;
				CODE_SIGN_ENTITLEMENTS = WeMakeAfrica/WeMakeAfrica.entitlements;
				CODE_SIGN_STYLE = Automatic;
				CURRENT_PROJECT_VERSION = 1;
				DEVELOPMENT_ASSET_PATHS = "\"WeMakeAfrica/Preview Content\"";
				ENABLE_PREVIEWS = YES;
				GENERATE_INFOPLIST_FILE = YES;
				"INFOPLIST_KEY_UIApplicationSceneManifest_Generation[sdk=iphoneos*]" = YES;
				"INFOPLIST_KEY_UIApplicationSceneManifest_Generation[sdk=iphonesimulator*]" = YES;
				"INFOPLIST_KEY_UIApplicationSupportsIndirectInputEvents[sdk=iphoneos*]" = YES;
				"INFOPLIST_KEY_UIApplicationSupportsIndirectInputEvents[sdk=iphonesimulator*]" = YES;
				"INFOPLIST_KEY_UILaunchScreen_Generation[sdk=iphoneos*]" = YES;
				"INFOPLIST_KEY_UILaunchScreen_Generation[sdk=iphonesimulator*]" = YES;
				"INFOPLIST_KEY_UIStatusBarStyle[sdk=iphoneos*]" = UIStatusBarStyleDefault;
				"INFOPLIST_KEY_UIStatusBarStyle[sdk=iphonesimulator*]" = UIStatusBarStyleDefault;
				INFOPLIST_KEY_UISupportedInterfaceOrientations_iPad = "UIInterfaceOrientationPortrait UIInterfaceOrientationPortraitUpsideDown UIInterfaceOrientationLandscapeLeft UIInterfaceOrientationLandscapeRight";
				INFOPLIST_KEY_UISupportedInterfaceOrientations_iPhone = "UIInterfaceOrientationPortrait UIInterfaceOrientationLandscapeLeft UIInterfaceOrientationLandscapeRight";
				IPHONEOS_DEPLOYMENT_TARGET = 16.1;
				LD_RUNPATH_SEARCH_PATHS = "@executable_path/Frameworks";
				"LD_RUNPATH_SEARCH_PATHS[sdk=macosx*]" = "@executable_path/../Frameworks";
				MACOSX_DEPLOYMENT_TARGET = 12.6;
				MARKETING_VERSION = 1.0;
				PRODUCT_BUNDLE_IDENTIFIER = com.wemakeafrica.WeMakeAfrica;
				PRODUCT_NAME = "$(TARGET_NAME)";
				SDKROOT = auto;
				SUPPORTED_PLATFORMS = "iphoneos iphonesimulator";
				SUPPORTS_MACCATALYST = NO;
				SUPPORTS_MAC_DESIGNED_FOR_IPHONE_IPAD = NO;
				SWIFT_EMIT_LOC_STRINGS = YES;
				SWIFT_VERSION = 5.0;
				TARGETED_DEVICE_FAMILY = 1;
			};
			name = Release;
		};
		04C84473292BEF47002A2CB7 /* Debug */ = {
			isa = XCBuildConfiguration;
			buildSettings = {
				ALWAYS_EMBED_SWIFT_STANDARD_LIBRARIES = YES;
				BUNDLE_LOADER = "$(TEST_HOST)";
				CODE_SIGN_STYLE = Automatic;
				CURRENT_PROJECT_VERSION = 1;
				GENERATE_INFOPLIST_FILE = YES;
				IPHONEOS_DEPLOYMENT_TARGET = 16.1;
				MACOSX_DEPLOYMENT_TARGET = 12.6;
				MARKETING_VERSION = 1.0;
				PRODUCT_BUNDLE_IDENTIFIER = com.wemakeafrica.WeMakeAfricaTests;
				PRODUCT_NAME = "$(TARGET_NAME)";
				SDKROOT = auto;
				SUPPORTED_PLATFORMS = "iphoneos iphonesimulator macosx";
				SWIFT_EMIT_LOC_STRINGS = NO;
				SWIFT_VERSION = 5.0;
				TARGETED_DEVICE_FAMILY = "1,2";
				TEST_HOST = "$(BUILT_PRODUCTS_DIR)/WeMakeAfrica.app/$(BUNDLE_EXECUTABLE_FOLDER_PATH)/WeMakeAfrica";
			};
			name = Debug;
		};
		04C84474292BEF47002A2CB7 /* Release */ = {
			isa = XCBuildConfiguration;
			buildSettings = {
				ALWAYS_EMBED_SWIFT_STANDARD_LIBRARIES = YES;
				BUNDLE_LOADER = "$(TEST_HOST)";
				CODE_SIGN_STYLE = Automatic;
				CURRENT_PROJECT_VERSION = 1;
				GENERATE_INFOPLIST_FILE = YES;
				IPHONEOS_DEPLOYMENT_TARGET = 16.1;
				MACOSX_DEPLOYMENT_TARGET = 12.6;
				MARKETING_VERSION = 1.0;
				PRODUCT_BUNDLE_IDENTIFIER = com.wemakeafrica.WeMakeAfricaTests;
				PRODUCT_NAME = "$(TARGET_NAME)";
				SDKROOT = auto;
				SUPPORTED_PLATFORMS = "iphoneos iphonesimulator macosx";
				SWIFT_EMIT_LOC_STRINGS = NO;
				SWIFT_VERSION = 5.0;
				TARGETED_DEVICE_FAMILY = "1,2";
				TEST_HOST = "$(BUILT_PRODUCTS_DIR)/WeMakeAfrica.app/$(BUNDLE_EXECUTABLE_FOLDER_PATH)/WeMakeAfrica";
			};
			name = Release;
		};
		04C84476292BEF47002A2CB7 /* Debug */ = {
			isa = XCBuildConfiguration;
			buildSettings = {
				ALWAYS_EMBED_SWIFT_STANDARD_LIBRARIES = YES;
				CODE_SIGN_STYLE = Automatic;
				CURRENT_PROJECT_VERSION = 1;
				GENERATE_INFOPLIST_FILE = YES;
				IPHONEOS_DEPLOYMENT_TARGET = 16.1;
				MACOSX_DEPLOYMENT_TARGET = 12.6;
				MARKETING_VERSION = 1.0;
				PRODUCT_BUNDLE_IDENTIFIER = com.wemakeafrica.WeMakeAfricaUITests;
				PRODUCT_NAME = "$(TARGET_NAME)";
				SDKROOT = auto;
				SUPPORTED_PLATFORMS = "iphoneos iphonesimulator macosx";
				SWIFT_EMIT_LOC_STRINGS = NO;
				SWIFT_VERSION = 5.0;
				TARGETED_DEVICE_FAMILY = "1,2";
				TEST_TARGET_NAME = WeMakeAfrica;
			};
			name = Debug;
		};
		04C84477292BEF47002A2CB7 /* Release */ = {
			isa = XCBuildConfiguration;
			buildSettings = {
				ALWAYS_EMBED_SWIFT_STANDARD_LIBRARIES = YES;
				CODE_SIGN_STYLE = Automatic;
				CURRENT_PROJECT_VERSION = 1;
				GENERATE_INFOPLIST_FILE = YES;
				IPHONEOS_DEPLOYMENT_TARGET = 16.1;
				MACOSX_DEPLOYMENT_TARGET = 12.6;
				MARKETING_VERSION = 1.0;
				PRODUCT_BUNDLE_IDENTIFIER = com.wemakeafrica.WeMakeAfricaUITests;
				PRODUCT_NAME = "$(TARGET_NAME)";
				SDKROOT = auto;
				SUPPORTED_PLATFORMS = "iphoneos iphonesimulator macosx";
				SWIFT_EMIT_LOC_STRINGS = NO;
				SWIFT_VERSION = 5.0;
				TARGETED_DEVICE_FAMILY = "1,2";
				TEST_TARGET_NAME = WeMakeAfrica;
			};
			name = Release;
		};
/* End XCBuildConfiguration section */

/* Begin XCConfigurationList section */
		04C84445292BEF43002A2CB7 /* Build configuration list for PBXProject "WeMakeAfrica" */ = {
			isa = XCConfigurationList;
			buildConfigurations = (
				04C8446D292BEF47002A2CB7 /* Debug */,
				04C8446E292BEF47002A2CB7 /* Release */,
			);
			defaultConfigurationIsVisible = 0;
			defaultConfigurationName = Release;
		};
		04C8446F292BEF47002A2CB7 /* Build configuration list for PBXNativeTarget "WeMakeAfrica" */ = {
			isa = XCConfigurationList;
			buildConfigurations = (
				04C84470292BEF47002A2CB7 /* Debug */,
				04C84471292BEF47002A2CB7 /* Release */,
			);
			defaultConfigurationIsVisible = 0;
			defaultConfigurationName = Release;
		};
		04C84472292BEF47002A2CB7 /* Build configuration list for PBXNativeTarget "WeMakeAfricaTests" */ = {
			isa = XCConfigurationList;
			buildConfigurations = (
				04C84473292BEF47002A2CB7 /* Debug */,
				04C84474292BEF47002A2CB7 /* Release */,
			);
			defaultConfigurationIsVisible = 0;
			defaultConfigurationName = Release;
		};
		04C84475292BEF47002A2CB7 /* Build configuration list for PBXNativeTarget "WeMakeAfricaUITests" */ = {
			isa = XCConfigurationList;
			buildConfigurations = (
				04C84476292BEF47002A2CB7 /* Debug */,
				04C84477292BEF47002A2CB7 /* Release */,
			);
			defaultConfigurationIsVisible = 0;
			defaultConfigurationName = Release;
		};
/* End XCConfigurationList section */
	};
	rootObject = 04C84442292BEF43002A2CB7 /* Project object */;
}
